{
  "name": "moodboard-v3",
  "version": "1.0.0",
  "lockfileVersion": 3,
  "requires": true,
  "packages": {
    "": {
      "name": "moodboard-v3",
      "version": "1.0.0",
      "license": "ISC",
      "dependencies": {
        "@lucasmarkes/motes": "^0.2.0"
      }
    },
    "node_modules/@lucasmarkes/motes": {
      "version": "0.2.0",
      "resolved": "https://registry.npmjs.org/@lucasmarkes/motes/-/motes-0.2.0.tgz",
      "integrity": "sha512-j8GvzlES4Xh2SbkMuROXAtl6onNDexgwwjCSCX++k0sBLGEOiat7Lx+bcj4SAGnavo3yTD3fQaHMI+9tYgTBaw==",
      "license": "MIT"
    }
  }
}
